
Microsoft Visual Studio Solution File, Format Version 12.00
# Visual Studio Version 17
VisualStudioVersion = 17.14.37216.2 d17.14
MinimumVisualStudioVersion = 10.0.40219.1
Project("{FAE04EC0-301F-11D3-BF4B-00C04F79EFBC}") = "WebBanTraSua", "WebBanTraSua\WebBanTraSua.csproj", "{EA9C5207-FF15-4ED1-A8D1-4AB08E2E07B9}"
EndProject
Global
	GlobalSection(SolutionConfigurationPlatforms) = preSolution
		Debug|Any CPU = Debug|Any CPU
		Release|Any CPU = Release|Any CPU
	EndGlobalSection
	GlobalSection(ProjectConfigurationPlatforms) = postSolution
		{EA9C5207-FF15-4ED1-A8D1-4AB08E2E07B9}.Debug|Any CPU.ActiveCfg = Debug|Any CPU
		{EA9C5207-FF15-4ED1-A8D1-4AB08E2E07B9}.Debug|Any CPU.Build.0 = Debug|Any CPU
		{EA9C5207-FF15-4ED1-A8D1-4AB08E2E07B9}.Release|Any CPU.ActiveCfg = Release|Any CPU
		{EA9C5207-FF15-4ED1-A8D1-4AB08E2E07B9}.Release|Any CPU.Build.0 = Release|Any CPU
	EndGlobalSection
	GlobalSection(SolutionProperties) = preSolution
		HideSolutionNode = FALSE
	EndGlobalSection
	GlobalSection(ExtensibilityGlobals) = postSolution
		SolutionGuid = {92042DFF-DED2-41B4-94F0-4083315D1793}
	EndGlobalSection
EndGlobal
